<?xml version="1.0" encoding="utf-8"?>
<Project ToolsVersion="4.0" xmlns="http://schemas.microsoft.com/developer/msbuild/2003">
  <ItemGroup>
    <ClCompile Include="..\common\cD2dWindow.cpp" />
    <ClCompile Include="pch.cpp" />
    <ClCompile Include="cMp3Window.cpp" />
  </ItemGroup>
  <ItemGroup>
    <ClInclude Include="..\common\cD2dWindow.h">
      <Filter>header</Filter>
    </ClInclude>
    <ClInclude Include="pch.h">
      <Filter>header</Filter>
    </ClInclude>
    <ClInclude Include="..\common\cVolume.h">
      <Filter>header</Filter>
    </ClInclude>
    <ClInclude Include="..\common\cMp3decoder.h">
      <Filter>header</Filter>
    </ClInclude>
    <ClInclude Include="..\common\cMp3File.h">
      <Filter>header</Filter>
    </ClInclude>
    <ClInclude Include="..\..\stm32Mp3\widgets\cContainer.h">
      <Filter>header</Filter>
    </ClInclude>
    <ClInclude Include="..\..\stm32Mp3\widgets\cListWidget.h">
      <Filter>header</Filter>
    </ClInclude>
    <ClInclude Include="..\..\stm32Mp3\widgets\cRootContainer.h">
      <Filter>header</Filter>
    </ClInclude>
    <ClInclude Include="..\..\stm32Mp3\widgets\cTextBox.h">
      <Filter>header</Filter>
    </ClInclude>
    <ClInclude Include="..\..\stm32Mp3\widgets\cValueBox.h">
      <Filter>header</Filter>
    </ClInclude>
    <ClInclude Include="..\..\stm32Mp3\widgets\cWaveformWidget.h">
      <Filter>header</Filter>
    </ClInclude>
    <ClInclude Include="..\..\stm32Mp3\widgets\cWidget.h">
      <Filter>header</Filter>
    </ClInclude>
    <ClInclude Include="..\..\stm32Mp3\widgets\iDraw.h">
      <Filter>header</Filter>
    </ClInclude>
  </ItemGroup>
  <ItemGroup>
    <Filter Include="header">
      <UniqueIdentifier>{7234d2f0-7b58-4dac-9284-ec8e3256c524}</UniqueIdentifier>
      <Extensions>.h</Extensions>
    </Filter>
  </ItemGroup>
</Project>