<?xml version="1.0" encoding="utf-8"?>
<Project ToolsVersion="4.0" xmlns="http://schemas.microsoft.com/developer/msbuild/2003">
  <ItemGroup>
    <ClCompile Include="..\common\cD2dWindow.cpp" />
    <ClCompile Include="pch.cpp" />
    <ClCompile Include="cMp3Window.cpp" />
    <ClCompile Include="..\..\shared\teensyAac\sbrmath.c">
      <Filter>teensyAac</Filter>
    </ClCompile>
    <ClCompile Include="..\..\shared\teensyAac\sbrqmf.c">
      <Filter>teensyAac</Filter>
    </ClCompile>
    <ClCompile Include="..\..\shared\teensyAac\sbrside.c">
      <Filter>teensyAac</Filter>
    </ClCompile>
    <ClCompile Include="..\..\shared\teensyAac\tables.c">
      <Filter>teensyAac</Filter>
    </ClCompile>
    <ClCompile Include="..\..\shared\teensyAac\aacdec.c">
      <Filter>teensyAac</Filter>
    </ClCompile>
    <ClCompile Include="..\..\shared\teensyAac\bitstream.c">
      <Filter>teensyAac</Filter>
    </ClCompile>
    <ClCompile Include="..\..\shared\teensyAac\dct.c">
      <Filter>teensyAac</Filter>
    </ClCompile>
    <ClCompile Include="..\..\shared\teensyAac\huffman.c">
      <Filter>teensyAac</Filter>
    </ClCompile>
    <ClCompile Include="..\..\shared\teensyAac\sbr.c">
      <Filter>teensyAac</Filter>
    </ClCompile>
    <ClCompile Include="..\..\shared\teensyAac\sbrfreq.c">
      <Filter>teensyAac</Filter>
    </ClCompile>
    <ClCompile Include="..\..\shared\teensyAac\sbrhfadj.c">
      <Filter>teensyAac</Filter>
    </ClCompile>
    <ClCompile Include="..\..\shared\teensyAac\sbrhfgen.c">
      <Filter>teensyAac</Filter>
    </ClCompile>
    <ClCompile Include="..\..\shared\teensyAac\sbrhuff.c">
      <Filter>teensyAac</Filter>
    </ClCompile>
    <ClCompile Include="..\..\shared\teensyAac\other.c">
      <Filter>teensyAac</Filter>
    </ClCompile>
  </ItemGroup>
  <ItemGroup>
    <ClInclude Include="..\common\cD2dWindow.h">
      <Filter>header</Filter>
    </ClInclude>
    <ClInclude Include="pch.h">
      <Filter>header</Filter>
    </ClInclude>
    <ClInclude Include="..\..\shared\widgets\iDraw.h">
      <Filter>header</Filter>
    </ClInclude>
    <ClInclude Include="..\..\shared\decoders\cMp3decoder.h">
      <Filter>header</Filter>
    </ClInclude>
    <ClInclude Include="..\..\shared\decoders\cTinyJpeg.h">
      <Filter>header</Filter>
    </ClInclude>
    <ClInclude Include="..\..\shared\widgets\cBitmapWidget.h">
      <Filter>header</Filter>
    </ClInclude>
    <ClInclude Include="..\..\shared\widgets\cContainer.h">
      <Filter>header</Filter>
    </ClInclude>
    <ClInclude Include="..\..\shared\widgets\cListWidget.h">
      <Filter>header</Filter>
    </ClInclude>
    <ClInclude Include="..\..\shared\widgets\cNumBox.h">
      <Filter>header</Filter>
    </ClInclude>
    <ClInclude Include="..\..\shared\widgets\cPicWidget.h">
      <Filter>header</Filter>
    </ClInclude>
    <ClInclude Include="..\..\shared\widgets\cRootContainer.h">
      <Filter>header</Filter>
    </ClInclude>
    <ClInclude Include="..\..\shared\widgets\cTextBox.h">
      <Filter>header</Filter>
    </ClInclude>
    <ClInclude Include="..\..\shared\widgets\cValueBox.h">
      <Filter>header</Filter>
    </ClInclude>
    <ClInclude Include="..\..\shared\widgets\cWaveCentredWidget.h">
      <Filter>header</Filter>
    </ClInclude>
    <ClInclude Include="..\..\shared\widgets\cWaveLensWidget.h">
      <Filter>header</Filter>
    </ClInclude>
    <ClInclude Include="..\..\shared\widgets\cWaveOverviewWidget.h">
      <Filter>header</Filter>
    </ClInclude>
    <ClInclude Include="..\..\shared\widgets\cWaveWidget.h">
      <Filter>header</Filter>
    </ClInclude>
    <ClInclude Include="..\..\shared\widgets\cWidget.h">
      <Filter>header</Filter>
    </ClInclude>
    <ClInclude Include="upng.h">
      <Filter>header</Filter>
    </ClInclude>
  </ItemGroup>
  <ItemGroup>
    <Filter Include="header">
      <UniqueIdentifier>{7234d2f0-7b58-4dac-9284-ec8e3256c524}</UniqueIdentifier>
      <Extensions>.h</Extensions>
    </Filter>
    <Filter Include="teensyAac">
      <UniqueIdentifier>{497e810b-804d-4187-806e-2e40ce8d6217}</UniqueIdentifier>
    </Filter>
  </ItemGroup>
</Project>