<?xml version="1.0" encoding="utf-8"?>
<Project ToolsVersion="4.0" xmlns="http://schemas.microsoft.com/developer/msbuild/2003">
  <ItemGroup>
    <ClCompile Include="tvGrabWindow.cpp" />
    <ClCompile Include="pch.cpp" />
    <ClCompile Include="..\..\shared\d2dWindow\cD2dWindow.cpp" />
  </ItemGroup>
  <ItemGroup>
    <ClInclude Include="..\common\cBda.h">
      <Filter>header</Filter>
    </ClInclude>
    <ClInclude Include="pch.h">
      <Filter>header</Filter>
    </ClInclude>
    <ClInclude Include="..\common\cD2dWindow.h">
      <Filter>header</Filter>
    </ClInclude>
    <ClInclude Include="..\common\timer.h">
      <Filter>header</Filter>
    </ClInclude>
    <ClInclude Include="..\common\cTransportStream.h">
      <Filter>header</Filter>
    </ClInclude>
  </ItemGroup>
  <ItemGroup>
    <Filter Include="header">
      <UniqueIdentifier>{386be96a-4f36-4d65-9a45-9bbf3a500adc}</UniqueIdentifier>
    </Filter>
  </ItemGroup>
</Project>