<?xml version="1.0" encoding="utf-8"?>
<Project ToolsVersion="4.0" xmlns="http://schemas.microsoft.com/developer/msbuild/2003">
  <ItemGroup>
    <ClCompile Include="pch.cpp" />
    <ClCompile Include="..\common\cD2dWindow.cpp" />
    <ClCompile Include="..\ldecod\header.c">
      <Filter>h264lib</Filter>
    </ClCompile>
    <ClCompile Include="..\ldecod\image.c">
      <Filter>h264lib</Filter>
    </ClCompile>
    <ClCompile Include="..\ldecod\intra_chroma_pred.c">
      <Filter>h264lib</Filter>
    </ClCompile>
    <ClCompile Include="..\ldecod\intra_chroma_pred_mbaff.c">
      <Filter>h264lib</Filter>
    </ClCompile>
    <ClCompile Include="..\ldecod\intra_pred_common.c">
      <Filter>h264lib</Filter>
    </ClCompile>
    <ClCompile Include="..\ldecod\intra4x4_pred.c">
      <Filter>h264lib</Filter>
    </ClCompile>
    <ClCompile Include="..\ldecod\intra4x4_pred_mbaff.c">
      <Filter>h264lib</Filter>
    </ClCompile>
    <ClCompile Include="..\ldecod\intra4x4_pred_normal.c">
      <Filter>h264lib</Filter>
    </ClCompile>
    <ClCompile Include="..\ldecod\intra8x8_pred.c">
      <Filter>h264lib</Filter>
    </ClCompile>
    <ClCompile Include="..\ldecod\intra8x8_pred_mbaff.c">
      <Filter>h264lib</Filter>
    </ClCompile>
    <ClCompile Include="..\ldecod\intra8x8_pred_normal.c">
      <Filter>h264lib</Filter>
    </ClCompile>
    <ClCompile Include="..\ldecod\intra16x16_pred.c">
      <Filter>h264lib</Filter>
    </ClCompile>
    <ClCompile Include="..\ldecod\intra16x16_pred_mbaff.c">
      <Filter>h264lib</Filter>
    </ClCompile>
    <ClCompile Include="..\ldecod\intra16x16_pred_normal.c">
      <Filter>h264lib</Filter>
    </ClCompile>
    <ClCompile Include="..\ldecod\ldecod.c">
      <Filter>h264lib</Filter>
    </ClCompile>
    <ClCompile Include="..\ldecod\loop_filter_mbaff.c">
      <Filter>h264lib</Filter>
    </ClCompile>
    <ClCompile Include="..\ldecod\loop_filter_normal.c">
      <Filter>h264lib</Filter>
    </ClCompile>
    <ClCompile Include="..\ldecod\loopFilter.c">
      <Filter>h264lib</Filter>
    </ClCompile>
    <ClCompile Include="..\ldecod\macroblock.c">
      <Filter>h264lib</Filter>
    </ClCompile>
    <ClCompile Include="..\ldecod\mb_access.c">
      <Filter>h264lib</Filter>
    </ClCompile>
    <ClCompile Include="..\ldecod\mb_prediction.c">
      <Filter>h264lib</Filter>
    </ClCompile>
    <ClCompile Include="..\ldecod\mb_read.c">
      <Filter>h264lib</Filter>
    </ClCompile>
    <ClCompile Include="..\ldecod\mbuffer.c">
      <Filter>h264lib</Filter>
    </ClCompile>
    <ClCompile Include="..\ldecod\mbuffer_common.c">
      <Filter>h264lib</Filter>
    </ClCompile>
    <ClCompile Include="..\ldecod\mc_direct.c">
      <Filter>h264lib</Filter>
    </ClCompile>
    <ClCompile Include="..\ldecod\mc_prediction.c">
      <Filter>h264lib</Filter>
    </ClCompile>
    <ClCompile Include="..\ldecod\memalloc.c">
      <Filter>h264lib</Filter>
    </ClCompile>
    <ClCompile Include="..\ldecod\mv_prediction.c">
      <Filter>h264lib</Filter>
    </ClCompile>
    <ClCompile Include="..\ldecod\nal.c">
      <Filter>h264lib</Filter>
    </ClCompile>
    <ClCompile Include="..\ldecod\nalu.c">
      <Filter>h264lib</Filter>
    </ClCompile>
    <ClCompile Include="..\ldecod\nalucommon.c">
      <Filter>h264lib</Filter>
    </ClCompile>
    <ClCompile Include="..\ldecod\output.c">
      <Filter>h264lib</Filter>
    </ClCompile>
    <ClCompile Include="..\ldecod\parset.c">
      <Filter>h264lib</Filter>
    </ClCompile>
    <ClCompile Include="..\ldecod\parsetcommon.c">
      <Filter>h264lib</Filter>
    </ClCompile>
    <ClCompile Include="..\ldecod\quant.c">
      <Filter>h264lib</Filter>
    </ClCompile>
    <ClCompile Include="..\ldecod\read_comp_cabac.c">
      <Filter>h264lib</Filter>
    </ClCompile>
    <ClCompile Include="..\ldecod\read_comp_cavlc.c">
      <Filter>h264lib</Filter>
    </ClCompile>
    <ClCompile Include="..\ldecod\sei.c">
      <Filter>h264lib</Filter>
    </ClCompile>
    <ClCompile Include="..\ldecod\transform.c">
      <Filter>h264lib</Filter>
    </ClCompile>
    <ClCompile Include="..\ldecod\transform8x8.c">
      <Filter>h264lib</Filter>
    </ClCompile>
    <ClCompile Include="..\ldecod\vlc.c">
      <Filter>h264lib</Filter>
    </ClCompile>
    <ClCompile Include="..\ldecod\win32.c">
      <Filter>h264lib</Filter>
    </ClCompile>
    <ClCompile Include="..\ldecod\annexb.c">
      <Filter>h264lib</Filter>
    </ClCompile>
    <ClCompile Include="..\ldecod\biaridecod.c">
      <Filter>h264lib</Filter>
    </ClCompile>
    <ClCompile Include="..\ldecod\blk_prediction.c">
      <Filter>h264lib</Filter>
    </ClCompile>
    <ClCompile Include="..\ldecod\block.c">
      <Filter>h264lib</Filter>
    </ClCompile>
    <ClCompile Include="..\ldecod\cabac.c">
      <Filter>h264lib</Filter>
    </ClCompile>
    <ClCompile Include="..\ldecod\context_ini.c">
      <Filter>h264lib</Filter>
    </ClCompile>
    <ClCompile Include="..\ldecod\erc_api.c">
      <Filter>h264lib</Filter>
    </ClCompile>
    <ClCompile Include="..\ldecod\erc_do_i.c">
      <Filter>h264lib</Filter>
    </ClCompile>
    <ClCompile Include="..\ldecod\erc_do_p.c">
      <Filter>h264lib</Filter>
    </ClCompile>
    <ClCompile Include="..\ldecod\errorconcealment.c">
      <Filter>h264lib</Filter>
    </ClCompile>
    <ClCompile Include="..\ldecod\fmo.c">
      <Filter>h264lib</Filter>
    </ClCompile>
    <ClCompile Include="h264window.cpp" />
  </ItemGroup>
  <ItemGroup>
    <ClInclude Include="pch.h">
      <Filter>header</Filter>
    </ClInclude>
    <ClInclude Include="..\common\cD2dWindow.h">
      <Filter>header</Filter>
    </ClInclude>
    <ClInclude Include="..\ldecod\inc\ctx_tables.h">
      <Filter>h264lib\header</Filter>
    </ClInclude>
    <ClInclude Include="..\ldecod\inc\defines.h">
      <Filter>h264lib\header</Filter>
    </ClInclude>
    <ClInclude Include="..\ldecod\inc\distortion.h">
      <Filter>h264lib\header</Filter>
    </ClInclude>
    <ClInclude Include="..\ldecod\inc\elements.h">
      <Filter>h264lib\header</Filter>
    </ClInclude>
    <ClInclude Include="..\ldecod\inc\erc_api.h">
      <Filter>h264lib\header</Filter>
    </ClInclude>
    <ClInclude Include="..\ldecod\inc\erc_do.h">
      <Filter>h264lib\header</Filter>
    </ClInclude>
    <ClInclude Include="..\ldecod\inc\erc_globals.h">
      <Filter>h264lib\header</Filter>
    </ClInclude>
    <ClInclude Include="..\ldecod\inc\errorconcealment.h">
      <Filter>h264lib\header</Filter>
    </ClInclude>
    <ClInclude Include="..\ldecod\inc\fast_memory.h">
      <Filter>h264lib\header</Filter>
    </ClInclude>
    <ClInclude Include="..\ldecod\inc\fmo.h">
      <Filter>h264lib\header</Filter>
    </ClInclude>
    <ClInclude Include="..\ldecod\inc\frame.h">
      <Filter>h264lib\header</Filter>
    </ClInclude>
    <ClInclude Include="..\ldecod\inc\global.h">
      <Filter>h264lib\header</Filter>
    </ClInclude>
    <ClInclude Include="..\ldecod\inc\h264decoder.h">
      <Filter>h264lib\header</Filter>
    </ClInclude>
    <ClInclude Include="..\ldecod\inc\header.h">
      <Filter>h264lib\header</Filter>
    </ClInclude>
    <ClInclude Include="..\ldecod\inc\ifunctions.h">
      <Filter>h264lib\header</Filter>
    </ClInclude>
    <ClInclude Include="..\ldecod\inc\image.h">
      <Filter>h264lib\header</Filter>
    </ClInclude>
    <ClInclude Include="..\ldecod\inc\intra4x4_pred.h">
      <Filter>h264lib\header</Filter>
    </ClInclude>
    <ClInclude Include="..\ldecod\inc\intra8x8_pred.h">
      <Filter>h264lib\header</Filter>
    </ClInclude>
    <ClInclude Include="..\ldecod\inc\intra16x16_pred.h">
      <Filter>h264lib\header</Filter>
    </ClInclude>
    <ClInclude Include="..\ldecod\inc\io_image.h">
      <Filter>h264lib\header</Filter>
    </ClInclude>
    <ClInclude Include="..\ldecod\inc\io_video.h">
      <Filter>h264lib\header</Filter>
    </ClInclude>
    <ClInclude Include="..\ldecod\inc\lagrangian.h">
      <Filter>h264lib\header</Filter>
    </ClInclude>
    <ClInclude Include="..\ldecod\inc\loop_filter.h">
      <Filter>h264lib\header</Filter>
    </ClInclude>
    <ClInclude Include="..\ldecod\inc\loopfilter.h">
      <Filter>h264lib\header</Filter>
    </ClInclude>
    <ClInclude Include="..\ldecod\inc\macroblock.h">
      <Filter>h264lib\header</Filter>
    </ClInclude>
    <ClInclude Include="..\ldecod\inc\mb_access.h">
      <Filter>h264lib\header</Filter>
    </ClInclude>
    <ClInclude Include="..\ldecod\inc\mb_prediction.h">
      <Filter>h264lib\header</Filter>
    </ClInclude>
    <ClInclude Include="..\ldecod\inc\mbuffer.h">
      <Filter>h264lib\header</Filter>
    </ClInclude>
    <ClInclude Include="..\ldecod\inc\mbuffer_common.h">
      <Filter>h264lib\header</Filter>
    </ClInclude>
    <ClInclude Include="..\ldecod\inc\mc_prediction.h">
      <Filter>h264lib\header</Filter>
    </ClInclude>
    <ClInclude Include="..\ldecod\inc\memalloc.h">
      <Filter>h264lib\header</Filter>
    </ClInclude>
    <ClInclude Include="..\ldecod\inc\mv_prediction.h">
      <Filter>h264lib\header</Filter>
    </ClInclude>
    <ClInclude Include="..\ldecod\inc\nalu.h">
      <Filter>h264lib\header</Filter>
    </ClInclude>
    <ClInclude Include="..\ldecod\inc\nalucommon.h">
      <Filter>h264lib\header</Filter>
    </ClInclude>
    <ClInclude Include="..\ldecod\inc\output.h">
      <Filter>h264lib\header</Filter>
    </ClInclude>
    <ClInclude Include="..\ldecod\inc\parset.h">
      <Filter>h264lib\header</Filter>
    </ClInclude>
    <ClInclude Include="..\ldecod\inc\parsetcommon.h">
      <Filter>h264lib\header</Filter>
    </ClInclude>
    <ClInclude Include="..\ldecod\inc\quant.h">
      <Filter>h264lib\header</Filter>
    </ClInclude>
    <ClInclude Include="..\ldecod\inc\quant_params.h">
      <Filter>h264lib\header</Filter>
    </ClInclude>
    <ClInclude Include="..\ldecod\inc\sei.h">
      <Filter>h264lib\header</Filter>
    </ClInclude>
    <ClInclude Include="..\ldecod\inc\transform.h">
      <Filter>h264lib\header</Filter>
    </ClInclude>
    <ClInclude Include="..\ldecod\inc\transform8x8.h">
      <Filter>h264lib\header</Filter>
    </ClInclude>
    <ClInclude Include="..\ldecod\inc\typedefs.h">
      <Filter>h264lib\header</Filter>
    </ClInclude>
    <ClInclude Include="..\ldecod\inc\types.h">
      <Filter>h264lib\header</Filter>
    </ClInclude>
    <ClInclude Include="..\ldecod\inc\vlc.h">
      <Filter>h264lib\header</Filter>
    </ClInclude>
    <ClInclude Include="..\ldecod\inc\vui_params.h">
      <Filter>h264lib\header</Filter>
    </ClInclude>
    <ClInclude Include="..\ldecod\inc\win32.h">
      <Filter>h264lib\header</Filter>
    </ClInclude>
    <ClInclude Include="..\ldecod\inc\annexb.h">
      <Filter>h264lib\header</Filter>
    </ClInclude>
    <ClInclude Include="..\ldecod\inc\biaridecod.h">
      <Filter>h264lib\header</Filter>
    </ClInclude>
    <ClInclude Include="..\ldecod\inc\blk_prediction.h">
      <Filter>h264lib\header</Filter>
    </ClInclude>
    <ClInclude Include="..\ldecod\inc\block.h">
      <Filter>h264lib\header</Filter>
    </ClInclude>
    <ClInclude Include="..\ldecod\inc\cabac.h">
      <Filter>h264lib\header</Filter>
    </ClInclude>
    <ClInclude Include="..\ldecod\inc\context_ini.h">
      <Filter>h264lib\header</Filter>
    </ClInclude>
    <ClInclude Include="..\ldecod\inc\ldecod.h">
      <Filter>h264lib\header</Filter>
    </ClInclude>
    <ClInclude Include="..\common\cYuvFrame.h">
      <Filter>header</Filter>
    </ClInclude>
    <ClInclude Include="..\common\yuvrgb_sse2.h">
      <Filter>header</Filter>
    </ClInclude>
    <ClInclude Include="..\common\cMpeg2decoder.h">
      <Filter>header</Filter>
    </ClInclude>
  </ItemGroup>
  <ItemGroup>
    <Filter Include="header">
      <UniqueIdentifier>{d92aec20-6234-42d6-906f-61a5bded5029}</UniqueIdentifier>
      <Extensions>.h</Extensions>
    </Filter>
    <Filter Include="h264lib">
      <UniqueIdentifier>{0d4f9615-ef96-4364-8b7e-95e8aba2c9da}</UniqueIdentifier>
    </Filter>
    <Filter Include="h264lib\header">
      <UniqueIdentifier>{0de67470-45f7-4936-89c3-0abf32ec85b3}</UniqueIdentifier>
      <Extensions>.h</Extensions>
    </Filter>
  </ItemGroup>
  <ItemGroup>
    <CustomBuild Include="..\common\yuvrgb_sse2.asm" />
  </ItemGroup>
</Project>