
Microsoft Visual Studio Solution File, Format Version 12.00
# Visual Studio 14
VisualStudioVersion = 14.0.24720.0
MinimumVisualStudioVersion = 10.0.40219.1
Project("{8BC9CEB8-8B4A-11D0-8D11-00A0C91BC942}") = "hlsRadioWindow", "hlsRadioWindow\player.vcxproj", "{E532C54A-C565-43A2-BDA2-30750BCD0946}"
EndProject
Project("{8BC9CEB8-8B4A-11D0-8D11-00A0C91BC942}") = "welsdec", "openh264\WelsDecCore.vcxproj", "{01B4AE41-6AD6-4CAF-AEB3-C42F7F9121D5}"
EndProject
Project("{8BC9CEB8-8B4A-11D0-8D11-00A0C91BC942}") = "tvWindow", "player\tv.vcxproj", "{B80EBF50-0719-4408-B63F-43C64F802819}"
EndProject
Project("{8BC9CEB8-8B4A-11D0-8D11-00A0C91BC942}") = "h264", "h264\h264.vcxproj", "{64E48C36-98A4-49F9-8E8C-765B09052454}"
EndProject
Project("{8BC9CEB8-8B4A-11D0-8D11-00A0C91BC942}") = "aacPlay", "aacPlay\aacPlay.vcxproj", "{4EEFF019-6ED6-428C-8AFC-A80FFC7932E5}"
EndProject
Global
	GlobalSection(SolutionConfigurationPlatforms) = preSolution
		Debug|x64 = Debug|x64
		Debug|x86 = Debug|x86
		Release|x64 = Release|x64
		Release|x86 = Release|x86
	EndGlobalSection
	GlobalSection(ProjectConfigurationPlatforms) = postSolution
		{E532C54A-C565-43A2-BDA2-30750BCD0946}.Debug|x64.ActiveCfg = Debug|x64
		{E532C54A-C565-43A2-BDA2-30750BCD0946}.Debug|x64.Build.0 = Debug|x64
		{E532C54A-C565-43A2-BDA2-30750BCD0946}.Debug|x86.ActiveCfg = Debug|Win32
		{E532C54A-C565-43A2-BDA2-30750BCD0946}.Debug|x86.Build.0 = Debug|Win32
		{E532C54A-C565-43A2-BDA2-30750BCD0946}.Release|x64.ActiveCfg = Release|x64
		{E532C54A-C565-43A2-BDA2-30750BCD0946}.Release|x64.Build.0 = Release|x64
		{E532C54A-C565-43A2-BDA2-30750BCD0946}.Release|x86.ActiveCfg = Release|Win32
		{E532C54A-C565-43A2-BDA2-30750BCD0946}.Release|x86.Build.0 = Release|Win32
		{01B4AE41-6AD6-4CAF-AEB3-C42F7F9121D5}.Debug|x64.ActiveCfg = Debug|x64
		{01B4AE41-6AD6-4CAF-AEB3-C42F7F9121D5}.Debug|x64.Build.0 = Debug|x64
		{01B4AE41-6AD6-4CAF-AEB3-C42F7F9121D5}.Debug|x86.ActiveCfg = Debug|Win32
		{01B4AE41-6AD6-4CAF-AEB3-C42F7F9121D5}.Debug|x86.Build.0 = Debug|Win32
		{01B4AE41-6AD6-4CAF-AEB3-C42F7F9121D5}.Release|x64.ActiveCfg = Release|x64
		{01B4AE41-6AD6-4CAF-AEB3-C42F7F9121D5}.Release|x64.Build.0 = Release|x64
		{01B4AE41-6AD6-4CAF-AEB3-C42F7F9121D5}.Release|x86.ActiveCfg = Release|Win32
		{01B4AE41-6AD6-4CAF-AEB3-C42F7F9121D5}.Release|x86.Build.0 = Release|Win32
		{B80EBF50-0719-4408-B63F-43C64F802819}.Debug|x64.ActiveCfg = Debug|x64
		{B80EBF50-0719-4408-B63F-43C64F802819}.Debug|x64.Build.0 = Debug|x64
		{B80EBF50-0719-4408-B63F-43C64F802819}.Debug|x86.ActiveCfg = Debug|Win32
		{B80EBF50-0719-4408-B63F-43C64F802819}.Debug|x86.Build.0 = Debug|Win32
		{B80EBF50-0719-4408-B63F-43C64F802819}.Release|x64.ActiveCfg = Release|x64
		{B80EBF50-0719-4408-B63F-43C64F802819}.Release|x64.Build.0 = Release|x64
		{B80EBF50-0719-4408-B63F-43C64F802819}.Release|x86.ActiveCfg = Release|Win32
		{B80EBF50-0719-4408-B63F-43C64F802819}.Release|x86.Build.0 = Release|Win32
		{64E48C36-98A4-49F9-8E8C-765B09052454}.Debug|x64.ActiveCfg = Debug|x64
		{64E48C36-98A4-49F9-8E8C-765B09052454}.Debug|x64.Build.0 = Debug|x64
		{64E48C36-98A4-49F9-8E8C-765B09052454}.Debug|x86.ActiveCfg = Debug|Win32
		{64E48C36-98A4-49F9-8E8C-765B09052454}.Debug|x86.Build.0 = Debug|Win32
		{64E48C36-98A4-49F9-8E8C-765B09052454}.Release|x64.ActiveCfg = Release|x64
		{64E48C36-98A4-49F9-8E8C-765B09052454}.Release|x64.Build.0 = Release|x64
		{64E48C36-98A4-49F9-8E8C-765B09052454}.Release|x86.ActiveCfg = Release|Win32
		{64E48C36-98A4-49F9-8E8C-765B09052454}.Release|x86.Build.0 = Release|Win32
		{4EEFF019-6ED6-428C-8AFC-A80FFC7932E5}.Debug|x64.ActiveCfg = Debug|x64
		{4EEFF019-6ED6-428C-8AFC-A80FFC7932E5}.Debug|x64.Build.0 = Debug|x64
		{4EEFF019-6ED6-428C-8AFC-A80FFC7932E5}.Debug|x86.ActiveCfg = Debug|Win32
		{4EEFF019-6ED6-428C-8AFC-A80FFC7932E5}.Debug|x86.Build.0 = Debug|Win32
		{4EEFF019-6ED6-428C-8AFC-A80FFC7932E5}.Release|x64.ActiveCfg = Release|x64
		{4EEFF019-6ED6-428C-8AFC-A80FFC7932E5}.Release|x64.Build.0 = Release|x64
		{4EEFF019-6ED6-428C-8AFC-A80FFC7932E5}.Release|x86.ActiveCfg = Release|Win32
		{4EEFF019-6ED6-428C-8AFC-A80FFC7932E5}.Release|x86.Build.0 = Release|Win32
	EndGlobalSection
	GlobalSection(SolutionProperties) = preSolution
		HideSolutionNode = FALSE
	EndGlobalSection
EndGlobal
