<?xml version="1.0" encoding="utf-8"?>
<Project ToolsVersion="4.0" xmlns="http://schemas.microsoft.com/developer/msbuild/2003">
  <ItemGroup>
    <ClCompile Include="..\common\Xaudio2.cpp" />
    <ClCompile Include="pch.cpp" />
    <ClCompile Include="..\common\cD2dWindow.cpp" />
    <ClCompile Include="cHlsRadioWindow.cpp" />
  </ItemGroup>
  <ItemGroup>
    <ClInclude Include="pch.h">
      <Filter>header</Filter>
    </ClInclude>
    <ClInclude Include="..\common\winAudio.h">
      <Filter>header</Filter>
    </ClInclude>
    <ClInclude Include="..\common\cD2dWindow.h">
      <Filter>header</Filter>
    </ClInclude>
    <ClInclude Include="cHlsChunk.h">
      <Filter>header</Filter>
    </ClInclude>
    <ClInclude Include="cHttp.h">
      <Filter>header</Filter>
    </ClInclude>
    <ClInclude Include="cParsedUrl.h">
      <Filter>header</Filter>
    </ClInclude>
    <ClInclude Include="cRadioChan.h">
      <Filter>header</Filter>
    </ClInclude>
    <ClInclude Include="cHlsRadio.h">
      <Filter>header</Filter>
    </ClInclude>
  </ItemGroup>
  <ItemGroup>
    <Filter Include="header">
      <UniqueIdentifier>{d92aec20-6234-42d6-906f-61a5bded5029}</UniqueIdentifier>
      <Extensions>.h</Extensions>
    </Filter>
  </ItemGroup>
</Project>