<?xml version="1.0" encoding="utf-8"?>
<Project ToolsVersion="4.0" xmlns="http://schemas.microsoft.com/developer/msbuild/2003">
  <ItemGroup>
    <ClCompile Include="..\common\Xaudio2.cpp" />
    <ClCompile Include="pch.cpp" />
    <ClCompile Include="..\common\cD2dWindow.cpp" />
    <ClCompile Include="libfaad\libfaad\bits.c">
      <Filter>libfaad</Filter>
    </ClCompile>
    <ClCompile Include="libfaad\libfaad\cfft.c">
      <Filter>libfaad</Filter>
    </ClCompile>
    <ClCompile Include="libfaad\libfaad\common.c">
      <Filter>libfaad</Filter>
    </ClCompile>
    <ClCompile Include="libfaad\libfaad\decoder.c">
      <Filter>libfaad</Filter>
    </ClCompile>
    <ClCompile Include="libfaad\libfaad\drc.c">
      <Filter>libfaad</Filter>
    </ClCompile>
    <ClCompile Include="libfaad\libfaad\drm_dec.c">
      <Filter>libfaad</Filter>
    </ClCompile>
    <ClCompile Include="libfaad\libfaad\error.c">
      <Filter>libfaad</Filter>
    </ClCompile>
    <ClCompile Include="libfaad\libfaad\filtbank.c">
      <Filter>libfaad</Filter>
    </ClCompile>
    <ClCompile Include="libfaad\libfaad\hcr.c">
      <Filter>libfaad</Filter>
    </ClCompile>
    <ClCompile Include="libfaad\libfaad\huffman.c">
      <Filter>libfaad</Filter>
    </ClCompile>
    <ClCompile Include="libfaad\libfaad\ic_predict.c">
      <Filter>libfaad</Filter>
    </ClCompile>
    <ClCompile Include="libfaad\libfaad\is.c">
      <Filter>libfaad</Filter>
    </ClCompile>
    <ClCompile Include="libfaad\libfaad\lt_predict.c">
      <Filter>libfaad</Filter>
    </ClCompile>
    <ClCompile Include="libfaad\libfaad\mdct.c">
      <Filter>libfaad</Filter>
    </ClCompile>
    <ClCompile Include="libfaad\libfaad\mp4.c">
      <Filter>libfaad</Filter>
    </ClCompile>
    <ClCompile Include="libfaad\libfaad\ms.c">
      <Filter>libfaad</Filter>
    </ClCompile>
    <ClCompile Include="libfaad\libfaad\output.c">
      <Filter>libfaad</Filter>
    </ClCompile>
    <ClCompile Include="libfaad\libfaad\pns.c">
      <Filter>libfaad</Filter>
    </ClCompile>
    <ClCompile Include="libfaad\libfaad\ps_dec.c">
      <Filter>libfaad</Filter>
    </ClCompile>
    <ClCompile Include="libfaad\libfaad\ps_syntax.c">
      <Filter>libfaad</Filter>
    </ClCompile>
    <ClCompile Include="libfaad\libfaad\pulse.c">
      <Filter>libfaad</Filter>
    </ClCompile>
    <ClCompile Include="libfaad\libfaad\rvlc.c">
      <Filter>libfaad</Filter>
    </ClCompile>
    <ClCompile Include="libfaad\libfaad\sbr_dct.c">
      <Filter>libfaad</Filter>
    </ClCompile>
    <ClCompile Include="libfaad\libfaad\sbr_dec.c">
      <Filter>libfaad</Filter>
    </ClCompile>
    <ClCompile Include="libfaad\libfaad\sbr_e_nf.c">
      <Filter>libfaad</Filter>
    </ClCompile>
    <ClCompile Include="libfaad\libfaad\sbr_fbt.c">
      <Filter>libfaad</Filter>
    </ClCompile>
    <ClCompile Include="libfaad\libfaad\sbr_hfadj.c">
      <Filter>libfaad</Filter>
    </ClCompile>
    <ClCompile Include="libfaad\libfaad\sbr_hfgen.c">
      <Filter>libfaad</Filter>
    </ClCompile>
    <ClCompile Include="libfaad\libfaad\sbr_huff.c">
      <Filter>libfaad</Filter>
    </ClCompile>
    <ClCompile Include="libfaad\libfaad\sbr_qmf.c">
      <Filter>libfaad</Filter>
    </ClCompile>
    <ClCompile Include="libfaad\libfaad\sbr_syntax.c">
      <Filter>libfaad</Filter>
    </ClCompile>
    <ClCompile Include="libfaad\libfaad\sbr_tf_grid.c">
      <Filter>libfaad</Filter>
    </ClCompile>
    <ClCompile Include="libfaad\libfaad\specrec.c">
      <Filter>libfaad</Filter>
    </ClCompile>
    <ClCompile Include="libfaad\libfaad\ssr.c">
      <Filter>libfaad</Filter>
    </ClCompile>
    <ClCompile Include="libfaad\libfaad\ssr_fb.c">
      <Filter>libfaad</Filter>
    </ClCompile>
    <ClCompile Include="libfaad\libfaad\ssr_ipqf.c">
      <Filter>libfaad</Filter>
    </ClCompile>
    <ClCompile Include="libfaad\libfaad\syntax.c">
      <Filter>libfaad</Filter>
    </ClCompile>
    <ClCompile Include="libfaad\libfaad\tns.c">
      <Filter>libfaad</Filter>
    </ClCompile>
    <ClCompile Include="cHlsRadioWindow.cpp" />
  </ItemGroup>
  <ItemGroup>
    <ClInclude Include="pch.h">
      <Filter>header</Filter>
    </ClInclude>
    <ClInclude Include="..\common\winAudio.h">
      <Filter>header</Filter>
    </ClInclude>
    <ClInclude Include="..\common\cD2dWindow.h">
      <Filter>header</Filter>
    </ClInclude>
    <ClInclude Include="libfaad\libfaad\tns.h">
      <Filter>libfaad</Filter>
    </ClInclude>
    <ClInclude Include="cHlsChunk.h">
      <Filter>header</Filter>
    </ClInclude>
    <ClInclude Include="cHttp.h">
      <Filter>header</Filter>
    </ClInclude>
    <ClInclude Include="cParsedUrl.h">
      <Filter>header</Filter>
    </ClInclude>
    <ClInclude Include="cRadioChan.h">
      <Filter>header</Filter>
    </ClInclude>
    <ClInclude Include="cHlsRadio.h">
      <Filter>header</Filter>
    </ClInclude>
    <ClInclude Include="libfaad\libfaad\analysis.h">
      <Filter>libfaad\header</Filter>
    </ClInclude>
    <ClInclude Include="libfaad\libfaad\bits.h">
      <Filter>libfaad\header</Filter>
    </ClInclude>
    <ClInclude Include="libfaad\libfaad\cfft.h">
      <Filter>libfaad\header</Filter>
    </ClInclude>
    <ClInclude Include="libfaad\libfaad\common.h">
      <Filter>libfaad\header</Filter>
    </ClInclude>
    <ClInclude Include="libfaad\libfaad\cfft_tab.h">
      <Filter>libfaad\header</Filter>
    </ClInclude>
    <ClInclude Include="libfaad\libfaad\drc.h">
      <Filter>libfaad\header</Filter>
    </ClInclude>
    <ClInclude Include="libfaad\libfaad\drm_dec.h">
      <Filter>libfaad\header</Filter>
    </ClInclude>
    <ClInclude Include="libfaad\libfaad\error.h">
      <Filter>libfaad\header</Filter>
    </ClInclude>
    <ClInclude Include="libfaad\include\faad.h">
      <Filter>libfaad\header</Filter>
    </ClInclude>
    <ClInclude Include="libfaad\libfaad\filtbank.h">
      <Filter>libfaad\header</Filter>
    </ClInclude>
    <ClInclude Include="libfaad\libfaad\fixed.h">
      <Filter>libfaad\header</Filter>
    </ClInclude>
    <ClInclude Include="libfaad\libfaad\codebook\hcb.h">
      <Filter>libfaad\header</Filter>
    </ClInclude>
    <ClInclude Include="libfaad\libfaad\codebook\hcb_1.h">
      <Filter>libfaad\header</Filter>
    </ClInclude>
    <ClInclude Include="libfaad\libfaad\codebook\hcb_2.h">
      <Filter>libfaad\header</Filter>
    </ClInclude>
    <ClInclude Include="libfaad\libfaad\codebook\hcb_3.h">
      <Filter>libfaad\header</Filter>
    </ClInclude>
    <ClInclude Include="libfaad\libfaad\codebook\hcb_4.h">
      <Filter>libfaad\header</Filter>
    </ClInclude>
    <ClInclude Include="libfaad\libfaad\codebook\hcb_5.h">
      <Filter>libfaad\header</Filter>
    </ClInclude>
    <ClInclude Include="libfaad\libfaad\codebook\hcb_6.h">
      <Filter>libfaad\header</Filter>
    </ClInclude>
    <ClInclude Include="libfaad\libfaad\codebook\hcb_7.h">
      <Filter>libfaad\header</Filter>
    </ClInclude>
    <ClInclude Include="libfaad\libfaad\codebook\hcb_10.h">
      <Filter>libfaad\header</Filter>
    </ClInclude>
    <ClInclude Include="libfaad\libfaad\codebook\hcb_11.h">
      <Filter>libfaad\header</Filter>
    </ClInclude>
    <ClInclude Include="libfaad\libfaad\codebook\hcb_sf.h">
      <Filter>libfaad\header</Filter>
    </ClInclude>
    <ClInclude Include="libfaad\libfaad\codebook\hcb_9.h">
      <Filter>libfaad\header</Filter>
    </ClInclude>
    <ClInclude Include="libfaad\libfaad\codebook\hcb_8.h">
      <Filter>libfaad\header</Filter>
    </ClInclude>
    <ClInclude Include="libfaad\libfaad\huffman.h">
      <Filter>libfaad\header</Filter>
    </ClInclude>
    <ClInclude Include="libfaad\libfaad\ic_predict.h">
      <Filter>libfaad\header</Filter>
    </ClInclude>
    <ClInclude Include="libfaad\libfaad\iq_table.h">
      <Filter>libfaad\header</Filter>
    </ClInclude>
    <ClInclude Include="libfaad\libfaad\is.h">
      <Filter>libfaad\header</Filter>
    </ClInclude>
    <ClInclude Include="libfaad\libfaad\kbd_win.h">
      <Filter>libfaad\header</Filter>
    </ClInclude>
    <ClInclude Include="libfaad\libfaad\lt_predict.h">
      <Filter>libfaad\header</Filter>
    </ClInclude>
    <ClInclude Include="libfaad\libfaad\mdct_tab.h">
      <Filter>libfaad\header</Filter>
    </ClInclude>
    <ClInclude Include="libfaad\libfaad\mp4.h">
      <Filter>libfaad\header</Filter>
    </ClInclude>
    <ClInclude Include="libfaad\libfaad\ms.h">
      <Filter>libfaad\header</Filter>
    </ClInclude>
    <ClInclude Include="libfaad\include\neaacdec.h">
      <Filter>libfaad\header</Filter>
    </ClInclude>
    <ClInclude Include="libfaad\libfaad\output.h">
      <Filter>libfaad\header</Filter>
    </ClInclude>
    <ClInclude Include="libfaad\libfaad\ps_dec.h">
      <Filter>libfaad\header</Filter>
    </ClInclude>
    <ClInclude Include="libfaad\libfaad\mdct.h">
      <Filter>libfaad\header</Filter>
    </ClInclude>
    <ClInclude Include="libfaad\libfaad\pns.h">
      <Filter>libfaad\header</Filter>
    </ClInclude>
    <ClInclude Include="libfaad\libfaad\ps_tables.h">
      <Filter>libfaad\header</Filter>
    </ClInclude>
    <ClInclude Include="libfaad\libfaad\pulse.h">
      <Filter>libfaad\header</Filter>
    </ClInclude>
    <ClInclude Include="libfaad\libfaad\rvlc.h">
      <Filter>libfaad\header</Filter>
    </ClInclude>
    <ClInclude Include="libfaad\libfaad\sbr_dct.h">
      <Filter>libfaad\header</Filter>
    </ClInclude>
    <ClInclude Include="libfaad\libfaad\sbr_dec.h">
      <Filter>libfaad\header</Filter>
    </ClInclude>
    <ClInclude Include="libfaad\libfaad\sbr_e_nf.h">
      <Filter>libfaad\header</Filter>
    </ClInclude>
    <ClInclude Include="libfaad\libfaad\sbr_fbt.h">
      <Filter>libfaad\header</Filter>
    </ClInclude>
    <ClInclude Include="libfaad\libfaad\sbr_hfadj.h">
      <Filter>libfaad\header</Filter>
    </ClInclude>
    <ClInclude Include="libfaad\libfaad\sbr_hfgen.h">
      <Filter>libfaad\header</Filter>
    </ClInclude>
    <ClInclude Include="libfaad\libfaad\sbr_huff.h">
      <Filter>libfaad\header</Filter>
    </ClInclude>
    <ClInclude Include="libfaad\libfaad\sbr_noise.h">
      <Filter>libfaad\header</Filter>
    </ClInclude>
    <ClInclude Include="libfaad\libfaad\sbr_qmf.h">
      <Filter>libfaad\header</Filter>
    </ClInclude>
    <ClInclude Include="libfaad\libfaad\syntax.h">
      <Filter>libfaad\header</Filter>
    </ClInclude>
    <ClInclude Include="libfaad\libfaad\structs.h">
      <Filter>libfaad\header</Filter>
    </ClInclude>
    <ClInclude Include="libfaad\libfaad\ssr_win.h">
      <Filter>libfaad\header</Filter>
    </ClInclude>
    <ClInclude Include="libfaad\libfaad\ssr_ipqf.h">
      <Filter>libfaad\header</Filter>
    </ClInclude>
    <ClInclude Include="libfaad\libfaad\ssr_fb.h">
      <Filter>libfaad\header</Filter>
    </ClInclude>
    <ClInclude Include="libfaad\libfaad\ssr.h">
      <Filter>libfaad\header</Filter>
    </ClInclude>
    <ClInclude Include="libfaad\libfaad\specrec.h">
      <Filter>libfaad\header</Filter>
    </ClInclude>
    <ClInclude Include="libfaad\libfaad\sine_win.h">
      <Filter>libfaad\header</Filter>
    </ClInclude>
    <ClInclude Include="libfaad\libfaad\sbr_tf_grid.h">
      <Filter>libfaad\header</Filter>
    </ClInclude>
    <ClInclude Include="libfaad\libfaad\sbr_syntax.h">
      <Filter>libfaad\header</Filter>
    </ClInclude>
    <ClInclude Include="libfaad\libfaad\sbr_qmf_c.h">
      <Filter>libfaad\header</Filter>
    </ClInclude>
  </ItemGroup>
  <ItemGroup>
    <Filter Include="header">
      <UniqueIdentifier>{d92aec20-6234-42d6-906f-61a5bded5029}</UniqueIdentifier>
      <Extensions>.h</Extensions>
    </Filter>
    <Filter Include="libfaad">
      <UniqueIdentifier>{062ec5ac-3600-4b38-8f0a-67ca71b1bf1c}</UniqueIdentifier>
    </Filter>
    <Filter Include="libfaad\header">
      <UniqueIdentifier>{8edfa2d8-2dab-4e11-86bf-4168a871859f}</UniqueIdentifier>
    </Filter>
  </ItemGroup>
</Project>