<?xml version="1.0" encoding="utf-8"?>
<Project ToolsVersion="4.0" xmlns="http://schemas.microsoft.com/developer/msbuild/2003">
  <ItemGroup>
    <Filter Include="Source Files">
      <UniqueIdentifier>{4FC737F1-C7A5-4376-A066-2A32D752A2FF}</UniqueIdentifier>
      <Extensions>cpp;c;cc;cxx;def;odl;idl;hpj;bat;asm;asmx</Extensions>
    </Filter>
    <Filter Include="Header Files">
      <UniqueIdentifier>{93995380-89BD-4b04-88EB-625FBE52EBFB}</UniqueIdentifier>
      <Extensions>h;hh;hpp;hxx;hm;inl;inc;xsd</Extensions>
    </Filter>
    <Filter Include="Resource Files">
      <UniqueIdentifier>{67DA6AB6-F800-4c08-8B7A-83BB121AAD01}</UniqueIdentifier>
      <Extensions>rc;ico;cur;bmp;dlg;rc2;rct;bin;rgs;gif;jpg;jpeg;jpe;resx;tiff;tif;png;wav;mfcribbon-ms</Extensions>
    </Filter>
  </ItemGroup>
  <ItemGroup>
    <ClInclude Include="version.h">
      <Filter>Header Files</Filter>
    </ClInclude>
    <ClInclude Include="video_defns.h">
      <Filter>Header Files</Filter>
    </ClInclude>
    <ClInclude Include="ac3_fns.h">
      <Filter>Header Files</Filter>
    </ClInclude>
    <ClInclude Include="accessunit_defns.h">
      <Filter>Header Files</Filter>
    </ClInclude>
    <ClInclude Include="accessunit_fns.h">
      <Filter>Header Files</Filter>
    </ClInclude>
    <ClInclude Include="adts_defns.h">
      <Filter>Header Files</Filter>
    </ClInclude>
    <ClInclude Include="adts_fns.h">
      <Filter>Header Files</Filter>
    </ClInclude>
    <ClInclude Include="audio_defns.h">
      <Filter>Header Files</Filter>
    </ClInclude>
    <ClInclude Include="audio_fns.h">
      <Filter>Header Files</Filter>
    </ClInclude>
    <ClInclude Include="avs_defns.h">
      <Filter>Header Files</Filter>
    </ClInclude>
    <ClInclude Include="avs_fns.h">
      <Filter>Header Files</Filter>
    </ClInclude>
    <ClInclude Include="bitdata_defns.h">
      <Filter>Header Files</Filter>
    </ClInclude>
    <ClInclude Include="bitdata_fns.h">
      <Filter>Header Files</Filter>
    </ClInclude>
    <ClInclude Include="compat.h">
      <Filter>Header Files</Filter>
    </ClInclude>
    <ClInclude Include="es_defns.h">
      <Filter>Header Files</Filter>
    </ClInclude>
    <ClInclude Include="es_fns.h">
      <Filter>Header Files</Filter>
    </ClInclude>
    <ClInclude Include="ethernet.h">
      <Filter>Header Files</Filter>
    </ClInclude>
    <ClInclude Include="filter_defns.h">
      <Filter>Header Files</Filter>
    </ClInclude>
    <ClInclude Include="filter_fns.h">
      <Filter>Header Files</Filter>
    </ClInclude>
    <ClInclude Include="fmtx.h">
      <Filter>Header Files</Filter>
    </ClInclude>
    <ClInclude Include="h222_defns.h">
      <Filter>Header Files</Filter>
    </ClInclude>
    <ClInclude Include="h222_fns.h">
      <Filter>Header Files</Filter>
    </ClInclude>
    <ClInclude Include="h262_defns.h">
      <Filter>Header Files</Filter>
    </ClInclude>
    <ClInclude Include="h262_fns.h">
      <Filter>Header Files</Filter>
    </ClInclude>
    <ClInclude Include="ipv4.h">
      <Filter>Header Files</Filter>
    </ClInclude>
    <ClInclude Include="l2audio_fns.h">
      <Filter>Header Files</Filter>
    </ClInclude>
    <ClInclude Include="misc_defns.h">
      <Filter>Header Files</Filter>
    </ClInclude>
    <ClInclude Include="misc_fns.h">
      <Filter>Header Files</Filter>
    </ClInclude>
    <ClInclude Include="nalunit_defns.h">
      <Filter>Header Files</Filter>
    </ClInclude>
    <ClInclude Include="nalunit_fns.h">
      <Filter>Header Files</Filter>
    </ClInclude>
    <ClInclude Include="pcap.h">
      <Filter>Header Files</Filter>
    </ClInclude>
    <ClInclude Include="pes_defns.h">
      <Filter>Header Files</Filter>
    </ClInclude>
    <ClInclude Include="pes_fns.h">
      <Filter>Header Files</Filter>
    </ClInclude>
    <ClInclude Include="pidint_defns.h">
      <Filter>Header Files</Filter>
    </ClInclude>
    <ClInclude Include="pidint_fns.h">
      <Filter>Header Files</Filter>
    </ClInclude>
    <ClInclude Include="printing_defns.h">
      <Filter>Header Files</Filter>
    </ClInclude>
    <ClInclude Include="printing_fns.h">
      <Filter>Header Files</Filter>
    </ClInclude>
    <ClInclude Include="ps_defns.h">
      <Filter>Header Files</Filter>
    </ClInclude>
    <ClInclude Include="ps_fns.h">
      <Filter>Header Files</Filter>
    </ClInclude>
    <ClInclude Include="reverse_defns.h">
      <Filter>Header Files</Filter>
    </ClInclude>
    <ClInclude Include="reverse_fns.h">
      <Filter>Header Files</Filter>
    </ClInclude>
    <ClInclude Include="stdafx.h">
      <Filter>Header Files</Filter>
    </ClInclude>
    <ClInclude Include="targetver.h">
      <Filter>Header Files</Filter>
    </ClInclude>
    <ClInclude Include="ts_defns.h">
      <Filter>Header Files</Filter>
    </ClInclude>
    <ClInclude Include="ts_fns.h">
      <Filter>Header Files</Filter>
    </ClInclude>
    <ClInclude Include="tsplay_defns.h">
      <Filter>Header Files</Filter>
    </ClInclude>
    <ClInclude Include="tsplay_fns.h">
      <Filter>Header Files</Filter>
    </ClInclude>
    <ClInclude Include="tswrite_defns.h">
      <Filter>Header Files</Filter>
    </ClInclude>
    <ClInclude Include="tswrite_fns.h">
      <Filter>Header Files</Filter>
    </ClInclude>
  </ItemGroup>
  <ItemGroup>
    <ClCompile Include="misc.c">
      <Filter>Source Files</Filter>
    </ClCompile>
    <ClCompile Include="nalunit.c">
      <Filter>Source Files</Filter>
    </ClCompile>
    <ClCompile Include="pcap.c">
      <Filter>Source Files</Filter>
    </ClCompile>
    <ClCompile Include="ac3.c">
      <Filter>Source Files</Filter>
    </ClCompile>
    <ClCompile Include="accessunit.c">
      <Filter>Source Files</Filter>
    </ClCompile>
    <ClCompile Include="adts.c">
      <Filter>Source Files</Filter>
    </ClCompile>
    <ClCompile Include="audio.c">
      <Filter>Source Files</Filter>
    </ClCompile>
    <ClCompile Include="avs.c">
      <Filter>Source Files</Filter>
    </ClCompile>
    <ClCompile Include="bitdata.c">
      <Filter>Source Files</Filter>
    </ClCompile>
    <ClCompile Include="filter.c">
      <Filter>Source Files</Filter>
    </ClCompile>
    <ClCompile Include="fmtx.c">
      <Filter>Source Files</Filter>
    </ClCompile>
    <ClCompile Include="h222.c">
      <Filter>Source Files</Filter>
    </ClCompile>
    <ClCompile Include="ipv4.c">
      <Filter>Source Files</Filter>
    </ClCompile>
    <ClCompile Include="l2audio.c">
      <Filter>Source Files</Filter>
    </ClCompile>
    <ClCompile Include="pidint.c">
      <Filter>Source Files</Filter>
    </ClCompile>
    <ClCompile Include="printing.c">
      <Filter>Source Files</Filter>
    </ClCompile>
    <ClCompile Include="ps.c">
      <Filter>Source Files</Filter>
    </ClCompile>
    <ClCompile Include="ts.c">
      <Filter>Source Files</Filter>
    </ClCompile>
    <ClCompile Include="tsplay_innards.c">
      <Filter>Source Files</Filter>
    </ClCompile>
    <ClCompile Include="es.c">
      <Filter>Source Files</Filter>
    </ClCompile>
    <ClCompile Include="pes.c">
      <Filter>Source Files</Filter>
    </ClCompile>
    <ClCompile Include="h262.c">
      <Filter>Source Files</Filter>
    </ClCompile>
    <ClCompile Include="tswrite.c">
      <Filter>Source Files</Filter>
    </ClCompile>
    <ClCompile Include="reverse.c">
      <Filter>Source Files</Filter>
    </ClCompile>
    <ClCompile Include="tsdvbsub.c">
      <Filter>Source Files</Filter>
    </ClCompile>
  </ItemGroup>
</Project>