<?xml version="1.0" encoding="utf-8"?>
<Project ToolsVersion="4.0" xmlns="http://schemas.microsoft.com/developer/msbuild/2003">
  <ItemGroup>
    <ClCompile Include="..\common\cD2dWindow.cpp" />
    <ClCompile Include="pch.cpp" />
    <ClCompile Include="cTvWindow.cpp" />
  </ItemGroup>
  <ItemGroup>
    <ClInclude Include="..\common\cD2dWindow.h">
      <Filter>header</Filter>
    </ClInclude>
    <ClInclude Include="decode.h">
      <Filter>header</Filter>
    </ClInclude>
    <ClInclude Include="huffDecoder.h">
      <Filter>header</Filter>
    </ClInclude>
    <ClInclude Include="pch.h">
      <Filter>header</Filter>
    </ClInclude>
    <ClInclude Include="..\common\cAudFrame.h">
      <Filter>header</Filter>
    </ClInclude>
    <ClInclude Include="..\common\cBda.h">
      <Filter>header</Filter>
    </ClInclude>
    <ClInclude Include="..\common\timer.h">
      <Filter>header</Filter>
    </ClInclude>
    <ClInclude Include="..\common\cTransportStream.h">
      <Filter>header</Filter>
    </ClInclude>
    <ClInclude Include="..\common\cMpeg2decoder.h">
      <Filter>header</Filter>
    </ClInclude>
    <ClInclude Include="..\common\cVolume.h">
      <Filter>header</Filter>
    </ClInclude>
  </ItemGroup>
  <ItemGroup>
    <Filter Include="header">
      <UniqueIdentifier>{c3e8b688-223d-4215-bc72-289b623c322f}</UniqueIdentifier>
      <Extensions>.h</Extensions>
    </Filter>
  </ItemGroup>
</Project>