<?xml version="1.0" encoding="utf-8"?>
<Project ToolsVersion="4.0" xmlns="http://schemas.microsoft.com/developer/msbuild/2003">
  <ItemGroup>
    <ClCompile Include="pch.cpp" />
    <ClCompile Include="sensorView.cpp" />
    <ClCompile Include="..\common\usbUtils.cpp" />
    <ClCompile Include="..\common\cD2dWindow.cpp" />
  </ItemGroup>
  <ItemGroup>
    <ClInclude Include="pch.h">
      <Filter>header</Filter>
    </ClInclude>
    <ClInclude Include="inc\jconfig.h">
      <Filter>header</Filter>
    </ClInclude>
    <ClInclude Include="inc\jerror.h">
      <Filter>header</Filter>
    </ClInclude>
    <ClInclude Include="inc\jmorecfg.h">
      <Filter>header</Filter>
    </ClInclude>
    <ClInclude Include="inc\jpeglib.h">
      <Filter>header</Filter>
    </ClInclude>
    <ClInclude Include="..\common\timer.h">
      <Filter>header</Filter>
    </ClInclude>
    <ClInclude Include="..\common\usbUtils.h">
      <Filter>header</Filter>
    </ClInclude>
    <ClInclude Include="..\common\jpegHeader.h">
      <Filter>header</Filter>
    </ClInclude>
    <ClInclude Include="..\common\cD2dWindow.h">
      <Filter>header</Filter>
    </ClInclude>
  </ItemGroup>
  <ItemGroup>
    <Filter Include="header">
      <UniqueIdentifier>{d92aec20-6234-42d6-906f-61a5bded5029}</UniqueIdentifier>
      <Extensions>.h</Extensions>
    </Filter>
  </ItemGroup>
</Project>